schema: '2.0'
stages:
  generate_data:
    cmd: python src/data_generator.py
    deps:
    - path: src/data_generator.py
      md5: 147639d2cf99a58cc779d8b92921f572
      size: 2288
    outs:
    - path: data/dataset.csv
      md5: 4e6a93c4c8a1238c441ca0f5e7adbba4
      size: 64993
  prepare:
    cmd: python3 src/data_generator.py
    deps:
    - path: src/data_generator.py
      md5: 147639d2cf99a58cc779d8b92921f572
      size: 2288
    outs:
    - path: data/dataset.csv
      md5: e94942f1da3cfec642e1e3258a414029
      size: 64854
